
Microsoft Visual Studio Solution File, Format Version 12.00
# Visual Studio Version 16
VisualStudioVersion = 16.0.31025.194
MinimumVisualStudioVersion = 10.0.40219.1
Project("{FAE04EC0-301F-11D3-BF4B-00C04F79EFBC}") = "UnityRansomware", "UnityRansomware.csproj", "{7BA1C1E4-FD76-40C6-8949-F85F82CC69F4}"
EndProject
Global
	GlobalSection(SolutionConfigurationPlatforms) = preSolution
		Debug|Any CPU = Debug|Any CPU
		Release|Any CPU = Release|Any CPU
	EndGlobalSection
	GlobalSection(ProjectConfigurationPlatforms) = postSolution
		{7BA1C1E4-FD76-40C6-8949-F85F82CC69F4}.Debug|Any CPU.ActiveCfg = Debug|Any CPU
		{7BA1C1E4-FD76-40C6-8949-F85F82CC69F4}.Debug|Any CPU.Build.0 = Debug|Any CPU
		{7BA1C1E4-FD76-40C6-8949-F85F82CC69F4}.Release|Any CPU.ActiveCfg = Release|Any CPU
		{7BA1C1E4-FD76-40C6-8949-F85F82CC69F4}.Release|Any CPU.Build.0 = Release|Any CPU
	EndGlobalSection
	GlobalSection(SolutionProperties) = preSolution
		HideSolutionNode = FALSE
	EndGlobalSection
	GlobalSection(ExtensibilityGlobals) = postSolution
		SolutionGuid = {F4FBCCA2-E9F3-4363-9DA4-4CACD68FE800}
	EndGlobalSection
EndGlobal
